
Microsoft Visual Studio Solution File, Format Version 12.00
# Visual Studio Version 16
VisualStudioVersion = 16.0.30907.101
MinimumVisualStudioVersion = 10.0.40219.1
Project("{FAE04EC0-301F-11D3-BF4B-00C04F79EFBC}") = "DatabaseApp2", "DatabaseApp2\DatabaseApp2.csproj", "{A6F8FFB6-9A98-48C3-A294-BFF8ED373EC5}"
EndProject
Global
	GlobalSection(SolutionConfigurationPlatforms) = preSolution
		Debug|Any CPU = Debug|Any CPU
		Release|Any CPU = Release|Any CPU
	EndGlobalSection
	GlobalSection(ProjectConfigurationPlatforms) = postSolution
		{A6F8FFB6-9A98-48C3-A294-BFF8ED373EC5}.Debug|Any CPU.ActiveCfg = Debug|Any CPU
		{A6F8FFB6-9A98-48C3-A294-BFF8ED373EC5}.Debug|Any CPU.Build.0 = Debug|Any CPU
		{A6F8FFB6-9A98-48C3-A294-BFF8ED373EC5}.Release|Any CPU.ActiveCfg = Release|Any CPU
		{A6F8FFB6-9A98-48C3-A294-BFF8ED373EC5}.Release|Any CPU.Build.0 = Release|Any CPU
	EndGlobalSection
	GlobalSection(SolutionProperties) = preSolution
		HideSolutionNode = FALSE
	EndGlobalSection
	GlobalSection(ExtensibilityGlobals) = postSolution
		SolutionGuid = {A2453964-63E3-44C0-B68B-374A2C8D371B}
	EndGlobalSection
EndGlobal
